github.com/526avijitgupta/gokarna v0.0.0-20230607170457-038a2c9da851 h1:kGYSYvux37unNaXUS61XZyEUhbS5L6d/Gz0kAlmDizw=
github.com/526avijitgupta/gokarna v0.0.0-20230607170457-038a2c9da851/go.mod h1:v34Pn8p/EFQ1WnVF43/Vis+6u+vdB795sYEGshBHFSs=
github.com/526avijitgupta/gokarna v0.0.0-20230611143844-323147c9d0dc h1:nTP7wdcFe8HuC6NsLVZpv3jSsX4rqb2FXpNY3wZJ0pc=
github.com/526avijitgupta/gokarna v0.0.0-20230611143844-323147c9d0dc/go.mod h1:v34Pn8p/EFQ1WnVF43/Vis+6u+vdB795sYEGshBHFSs=
github.com/526avijitgupta/gokarna v0.0.0-20230616033107-5bea4b7c5660/go.mod h1:v34Pn8p/EFQ1WnVF43/Vis+6u+vdB795sYEGshBHFSs=
github.com/526avijitgupta/gokarna v0.0.0-20230626122213-9d9e7521f1ba h1:hsf+710cyCOAHSycN7JLtgxKsPsjgwsdFDm5hLq4I3k=
github.com/526avijitgupta/gokarna v0.0.0-20230626122213-9d9e7521f1ba/go.mod h1:v34Pn8p/EFQ1WnVF43/Vis+6u+vdB795sYEGshBHFSs=
github.com/526avijitgupta/gokarna v0.0.0-20231121231121-041c4e28a790/go.mod h1:v34Pn8p/EFQ1WnVF43/Vis+6u+vdB795sYEGshBHFSs=
github.com/526avijitgupta/gokarna v0.0.0-20240124002215-56aa323638fc/go.mod h1:v34Pn8p/EFQ1WnVF43/Vis+6u+vdB795sYEGshBHFSs=
github.com/526avijitgupta/gokarna v0.0.0-20240214003442-cdc638496bdc/go.mod h1:v34Pn8p/EFQ1WnVF43/Vis+6u+vdB795sYEGshBHFSs=
github.com/526avijitgupta/gokarna v0.0.0-20240425003325-b3e971bf32e4/go.mod h1:v34Pn8p/EFQ1WnVF43/Vis+6u+vdB795sYEGshBHFSs=
github.com/526avijitgupta/gokarna v0.0.0-20240726135022-0976e9433da2/go.mod h1:v34Pn8p/EFQ1WnVF43/Vis+6u+vdB795sYEGshBHFSs=
github.com/526avijitgupta/gokarna v0.0.0-20241017192304-84fcbab134f8/go.mod h1:v34Pn8p/EFQ1WnVF43/Vis+6u+vdB795sYEGshBHFSs=
github.com/526avijitgupta/gokarna v0.0.0-20241102165545-67b9d1a6e360/go.mod h1:v34Pn8p/EFQ1WnVF43/Vis+6u+vdB795sYEGshBHFSs=
github.com/526avijitgupta/gokarna v0.0.0-20241124174926-09992f3c436a/go.mod h1:v34Pn8p/EFQ1WnVF43/Vis+6u+vdB795sYEGshBHFSs=
github.com/526avijitgupta/gokarna v0.0.0-20250101035412-d804a45cccbe/go.mod h1:v34Pn8p/EFQ1WnVF43/Vis+6u+vdB795sYEGshBHFSs=
github.com/526avijitgupta/gokarna v0.0.0-20250102112635-662cc7382576/go.mod h1:v34Pn8p/EFQ1WnVF43/Vis+6u+vdB795sYEGshBHFSs=
github.com/526avijitgupta/gokarna v0.0.0-20250116045652-6cef8f6e1de6/go.mod h1:v34Pn8p/EFQ1WnVF43/Vis+6u+vdB795sYEGshBHFSs=
